{
  "name": "spin-react-apps-offline",
  "version": "1.0.0",
  "lockfileVersion": 1,
  "requires": true,
  "dependencies": {
    "7zip-bin": {
      "version": "5.1.0",
      "resolved": "https://registry.npm.taobao.org/7zip-bin/download/7zip-bin-5.1.0.tgz",
      "integrity": "sha1-iEXZXupy+/gnRVo+vtqg0aEExW4="
    },
    "7zip-min": {
      "version": "1.3.0",
      "resolved": "https://registry.npm.taobao.org/7zip-min/download/7zip-min-1.3.0.tgz",
      "integrity": "sha1-wyGsUFRIabrZDiOgUi2IjAOjfO0=",
      "requires": {
        "7zip-bin": "^5.0.3"
      }
    },
    "ansi-align": {
      "version": "3.0.0",
      "resolved": "https://registry.npm.taobao.org/ansi-align/download/ansi-align-3.0.0.tgz",
      "integrity": "sha1-tTazcc9ofKrvI2wY0+If43l0Z8s=",
      "requires": {
        "string-width": "^3.0.0"
      },
      "dependencies": {
        "ansi-regex": {
          "version": "4.1.0",
          "resolved": "https://registry.npm.taobao.org/ansi-regex/download/ansi-regex-4.1.0.tgz",
          "integrity": "sha1-i5+PCM8ay4Q3Vqg5yox+MWjFGZc="
        },
        "string-width": {
          "version": "3.1.0",
          "resolved": "https://registry.npm.taobao.org/string-width/download/string-width-3.1.0.tgz?cache=0&sync_timestamp=1614331967087&other_urls=https%3A%2F%2Fregistry.npm.taobao.org%2Fstring-width%2Fdownload%2Fstring-width-3.1.0.tgz",
          "integrity": "sha1-InZ74htirxCBV0MG9prFG2IgOWE=",
          "requires": {
            "emoji-regex": "^7.0.1",
            "is-fullwidth-code-point": "^2.0.0",
            "strip-ansi": "^5.1.0"
          }
        },
        "strip-ansi": {
          "version": "5.2.0",
          "resolved": "https://registry.npm.taobao.org/strip-ansi/download/strip-ansi-5.2.0.tgz?cache=0&sync_timestamp=1598867086309&other_urls=https%3A%2F%2Fregistry.npm.taobao.org%2Fstrip-ansi%2Fdownload%2Fstrip-ansi-5.2.0.tgz",
          "integrity": "sha1-jJpTb+tq/JYr36WxBKUJHBrZwK4=",
          "requires": {
            "ansi-regex": "^4.1.0"
          }
        }
      }
    },
    "ansi-regex": {
      "version": "5.0.0",
      "resolved": "https://registry.npm.taobao.org/ansi-regex/download/ansi-regex-5.0.0.tgz",
      "integrity": "sha1-OIU59VF5vzkznIGvMKZU1p+Hy3U="
    },
    "ansi-styles": {
      "version": "4.3.0",
      "resolved": "https://registry.npm.taobao.org/ansi-styles/download/ansi-styles-4.3.0.tgz?cache=0&sync_timestamp=1611325806500&other_urls=https%3A%2F%2Fregistry.npm.taobao.org%2Fansi-styles%2Fdownload%2Fansi-styles-4.3.0.tgz",
      "integrity": "sha1-7dgDYornHATIWuegkG7a00tkiTc=",
      "requires": {
        "color-convert": "^2.0.1"
      }
    },
    "base64-js": {
      "version": "1.5.1",
      "resolved": "https://registry.npm.taobao.org/base64-js/download/base64-js-1.5.1.tgz?cache=0&sync_timestamp=1605123435820&other_urls=https%3A%2F%2Fregistry.npm.taobao.org%2Fbase64-js%2Fdownload%2Fbase64-js-1.5.1.tgz",
      "integrity": "sha1-GxtEAWClv3rUC2UPCVljSBkDkwo="
    },
    "bl": {
      "version": "4.1.0",
      "resolved": "https://registry.npm.taobao.org/bl/download/bl-4.1.0.tgz?cache=0&sync_timestamp=1612868036685&other_urls=https%3A%2F%2Fregistry.npm.taobao.org%2Fbl%2Fdownload%2Fbl-4.1.0.tgz",
      "integrity": "sha1-RRU1JkGCvsL7vIOmKrmM8R2fezo=",
      "requires": {
        "buffer": "^5.5.0",
        "inherits": "^2.0.4",
        "readable-stream": "^3.4.0"
      }
    },
    "boxen": {
      "version": "5.0.0",
      "resolved": "https://registry.npm.taobao.org/boxen/download/boxen-5.0.0.tgz?cache=0&sync_timestamp=1609220927626&other_urls=https%3A%2F%2Fregistry.npm.taobao.org%2Fboxen%2Fdownload%2Fboxen-5.0.0.tgz",
      "integrity": "sha1-ZP6bFgZq+BX1EFetzIAMNzASCFQ=",
      "requires": {
        "ansi-align": "^3.0.0",
        "camelcase": "^6.2.0",
        "chalk": "^4.1.0",
        "cli-boxes": "^2.2.1",
        "string-width": "^4.2.0",
        "type-fest": "^0.20.2",
        "widest-line": "^3.1.0",
        "wrap-ansi": "^7.0.0"
      }
    },
    "buffer": {
      "version": "5.7.1",
      "resolved": "https://registry.npm.taobao.org/buffer/download/buffer-5.7.1.tgz?cache=0&sync_timestamp=1606098075542&other_urls=https%3A%2F%2Fregistry.npm.taobao.org%2Fbuffer%2Fdownload%2Fbuffer-5.7.1.tgz",
      "integrity": "sha1-umLnwTEzBTWCGXFghRqPZI6Z7tA=",
      "requires": {
        "base64-js": "^1.3.1",
        "ieee754": "^1.1.13"
      }
    },
    "camelcase": {
      "version": "6.2.0",
      "resolved": "https://registry.npm.taobao.org/camelcase/download/camelcase-6.2.0.tgz?cache=0&sync_timestamp=1603922099064&other_urls=https%3A%2F%2Fregistry.npm.taobao.org%2Fcamelcase%2Fdownload%2Fcamelcase-6.2.0.tgz",
      "integrity": "sha1-kkr4gcnVJaydh/QNlk5c6pgqGAk="
    },
    "chalk": {
      "version": "4.1.0",
      "resolved": "https://registry.npm.taobao.org/chalk/download/chalk-4.1.0.tgz?cache=0&sync_timestamp=1591687183344&other_urls=https%3A%2F%2Fregistry.npm.taobao.org%2Fchalk%2Fdownload%2Fchalk-4.1.0.tgz",
      "integrity": "sha1-ThSHCmGNni7dl92DRf2dncMVZGo=",
      "requires": {
        "ansi-styles": "^4.1.0",
        "supports-color": "^7.1.0"
      }
    },
    "clear": {
      "version": "0.1.0",
      "resolved": "https://registry.npm.taobao.org/clear/download/clear-0.1.0.tgz",
      "integrity": "sha1-uBseA0N6cWmE/XrJfIfXO9/nBIo="
    },
    "cli-boxes": {
      "version": "2.2.1",
      "resolved": "https://registry.npm.taobao.org/cli-boxes/download/cli-boxes-2.2.1.tgz?cache=0&sync_timestamp=1610827673414&other_urls=https%3A%2F%2Fregistry.npm.taobao.org%2Fcli-boxes%2Fdownload%2Fcli-boxes-2.2.1.tgz",
      "integrity": "sha1-3dUDXSUJT84iDpyrQKRYQKRAMY8="
    },
    "cli-cursor": {
      "version": "3.1.0",
      "resolved": "https://registry.npm.taobao.org/cli-cursor/download/cli-cursor-3.1.0.tgz",
      "integrity": "sha1-JkMFp65JDR0Dvwybp8kl0XU68wc=",
      "requires": {
        "restore-cursor": "^3.1.0"
      }
    },
    "cli-spinners": {
      "version": "2.5.0",
      "resolved": "https://registry.npm.taobao.org/cli-spinners/download/cli-spinners-2.5.0.tgz?cache=0&sync_timestamp=1602506081250&other_urls=https%3A%2F%2Fregistry.npm.taobao.org%2Fcli-spinners%2Fdownload%2Fcli-spinners-2.5.0.tgz",
      "integrity": "sha1-EnY+RyUb+VHLdcIB36WP8byy0Ec="
    },
    "cliui": {
      "version": "7.0.4",
      "resolved": "https://registry.npm.taobao.org/cliui/download/cliui-7.0.4.tgz?cache=0&sync_timestamp=1604880226973&other_urls=https%3A%2F%2Fregistry.npm.taobao.org%2Fcliui%2Fdownload%2Fcliui-7.0.4.tgz",
      "integrity": "sha1-oCZe5lVHb8gHrqnfPfjfd4OAi08=",
      "requires": {
        "string-width": "^4.2.0",
        "strip-ansi": "^6.0.0",
        "wrap-ansi": "^7.0.0"
      }
    },
    "clone": {
      "version": "1.0.4",
      "resolved": "https://registry.npm.taobao.org/clone/download/clone-1.0.4.tgz",
      "integrity": "sha1-2jCcwmPfFZlMaIypAheco8fNfH4="
    },
    "color-convert": {
      "version": "2.0.1",
      "resolved": "https://registry.npm.taobao.org/color-convert/download/color-convert-2.0.1.tgz",
      "integrity": "sha1-ctOmjVmMm9s68q0ehPIdiWq9TeM=",
      "requires": {
        "color-name": "~1.1.4"
      }
    },
    "color-name": {
      "version": "1.1.4",
      "resolved": "https://registry.npm.taobao.org/color-name/download/color-name-1.1.4.tgz",
      "integrity": "sha1-wqCah6y95pVD3m9j+jmVyCbFNqI="
    },
    "defaults": {
      "version": "1.0.3",
      "resolved": "https://registry.npm.taobao.org/defaults/download/defaults-1.0.3.tgz",
      "integrity": "sha1-xlYFHpgX2f8I7YgUd/P+QBnz730=",
      "requires": {
        "clone": "^1.0.2"
      }
    },
    "emoji-regex": {
      "version": "7.0.3",
      "resolved": "https://registry.npm.taobao.org/emoji-regex/download/emoji-regex-7.0.3.tgz?cache=0&sync_timestamp=1611911681737&other_urls=https%3A%2F%2Fregistry.npm.taobao.org%2Femoji-regex%2Fdownload%2Femoji-regex-7.0.3.tgz",
      "integrity": "sha1-kzoEBShgyF6DwSJHnEdIqOTHIVY="
    },
    "escalade": {
      "version": "3.1.1",
      "resolved": "https://registry.npm.taobao.org/escalade/download/escalade-3.1.1.tgz?cache=0&sync_timestamp=1602567437752&other_urls=https%3A%2F%2Fregistry.npm.taobao.org%2Fescalade%2Fdownload%2Fescalade-3.1.1.tgz",
      "integrity": "sha1-2M/ccACWXFoBdLSoLqpcBVJ0LkA="
    },
    "figlet": {
      "version": "1.5.0",
      "resolved": "https://registry.npm.taobao.org/figlet/download/figlet-1.5.0.tgz",
      "integrity": "sha1-LbTQClhOUVWpYIBjLbkZITw+ADw="
    },
    "get-caller-file": {
      "version": "2.0.5",
      "resolved": "https://registry.npm.taobao.org/get-caller-file/download/get-caller-file-2.0.5.tgz",
      "integrity": "sha1-T5RBKoLbMvNuOwuXQfipf+sDH34="
    },
    "has-flag": {
      "version": "4.0.0",
      "resolved": "https://registry.npm.taobao.org/has-flag/download/has-flag-4.0.0.tgz?cache=0&sync_timestamp=1598869139117&other_urls=https%3A%2F%2Fregistry.npm.taobao.org%2Fhas-flag%2Fdownload%2Fhas-flag-4.0.0.tgz",
      "integrity": "sha1-lEdx/ZyByBJlxNaUGGDaBrtZR5s="
    },
    "ieee754": {
      "version": "1.2.1",
      "resolved": "https://registry.npm.taobao.org/ieee754/download/ieee754-1.2.1.tgz?cache=0&sync_timestamp=1603838702791&other_urls=https%3A%2F%2Fregistry.npm.taobao.org%2Fieee754%2Fdownload%2Fieee754-1.2.1.tgz",
      "integrity": "sha1-jrehCmP/8l0VpXsAFYbRd9Gw01I="
    },
    "inherits": {
      "version": "2.0.4",
      "resolved": "https://registry.npm.taobao.org/inherits/download/inherits-2.0.4.tgz?cache=0&other_urls=https%3A%2F%2Fregistry.npm.taobao.org%2Finherits%2Fdownload%2Finherits-2.0.4.tgz",
      "integrity": "sha1-D6LGT5MpF8NDOg3tVTY6rjdBa3w="
    },
    "is-fullwidth-code-point": {
      "version": "2.0.0",
      "resolved": "https://registry.npm.taobao.org/is-fullwidth-code-point/download/is-fullwidth-code-point-2.0.0.tgz",
      "integrity": "sha1-o7MKXE8ZkYMWeqq5O+764937ZU8="
    },
    "is-interactive": {
      "version": "1.0.0",
      "resolved": "https://registry.npm.taobao.org/is-interactive/download/is-interactive-1.0.0.tgz",
      "integrity": "sha1-zqbmrlyHCnsKAAQHC3tYfgJSkS4="
    },
    "log-symbols": {
      "version": "4.0.0",
      "resolved": "https://registry.npm.taobao.org/log-symbols/download/log-symbols-4.0.0.tgz",
      "integrity": "sha1-abPMRtIPRI7M23XqH6cz2eghySA=",
      "requires": {
        "chalk": "^4.0.0"
      }
    },
    "mimic-fn": {
      "version": "2.1.0",
      "resolved": "https://registry.npm.taobao.org/mimic-fn/download/mimic-fn-2.1.0.tgz",
      "integrity": "sha1-ftLCzMyvhNP/y3pptXcR/CCDQBs="
    },
    "onetime": {
      "version": "5.1.2",
      "resolved": "https://registry.npm.taobao.org/onetime/download/onetime-5.1.2.tgz?cache=0&sync_timestamp=1597003496260&other_urls=https%3A%2F%2Fregistry.npm.taobao.org%2Fonetime%2Fdownload%2Fonetime-5.1.2.tgz",
      "integrity": "sha1-0Oluu1awdHbfHdnEgG5SN5hcpF4=",
      "requires": {
        "mimic-fn": "^2.1.0"
      }
    },
    "ora": {
      "version": "5.3.0",
      "resolved": "https://registry.npm.taobao.org/ora/download/ora-5.3.0.tgz",
      "integrity": "sha1-+4MomdOhNy/nHIssU0u/50lhu28=",
      "requires": {
        "bl": "^4.0.3",
        "chalk": "^4.1.0",
        "cli-cursor": "^3.1.0",
        "cli-spinners": "^2.5.0",
        "is-interactive": "^1.0.0",
        "log-symbols": "^4.0.0",
        "strip-ansi": "^6.0.0",
        "wcwidth": "^1.0.1"
      }
    },
    "os": {
      "version": "0.1.1",
      "resolved": "https://registry.npm.taobao.org/os/download/os-0.1.1.tgz",
      "integrity": "sha1-IIhF6J4ZOtTZcUdLk5R3NqVtE/M="
    },
    "readable-stream": {
      "version": "3.6.0",
      "resolved": "https://registry.npm.taobao.org/readable-stream/download/readable-stream-3.6.0.tgz",
      "integrity": "sha1-M3u9o63AcGvT4CRCaihtS0sskZg=",
      "requires": {
        "inherits": "^2.0.3",
        "string_decoder": "^1.1.1",
        "util-deprecate": "^1.0.1"
      }
    },
    "require-directory": {
      "version": "2.1.1",
      "resolved": "https://registry.npm.taobao.org/require-directory/download/require-directory-2.1.1.tgz",
      "integrity": "sha1-jGStX9MNqxyXbiNE/+f3kqam30I="
    },
    "restore-cursor": {
      "version": "3.1.0",
      "resolved": "https://registry.npm.taobao.org/restore-cursor/download/restore-cursor-3.1.0.tgz",
      "integrity": "sha1-OfZ8VLOnpYzqUjbZXPADQjljH34=",
      "requires": {
        "onetime": "^5.1.0",
        "signal-exit": "^3.0.2"
      }
    },
    "safe-buffer": {
      "version": "5.2.1",
      "resolved": "https://registry.npm.taobao.org/safe-buffer/download/safe-buffer-5.2.1.tgz",
      "integrity": "sha1-Hq+fqb2x/dTsdfWPnNtOa3gn7sY="
    },
    "signal-exit": {
      "version": "3.0.3",
      "resolved": "https://registry.npm.taobao.org/signal-exit/download/signal-exit-3.0.3.tgz?cache=0&sync_timestamp=1598869141924&other_urls=https%3A%2F%2Fregistry.npm.taobao.org%2Fsignal-exit%2Fdownload%2Fsignal-exit-3.0.3.tgz",
      "integrity": "sha1-oUEMLt2PB3sItOJTyOrPyvBXRhw="
    },
    "string-width": {
      "version": "4.2.1",
      "resolved": "https://registry.npm.taobao.org/string-width/download/string-width-4.2.1.tgz?cache=0&sync_timestamp=1614331967087&other_urls=https%3A%2F%2Fregistry.npm.taobao.org%2Fstring-width%2Fdownload%2Fstring-width-4.2.1.tgz",
      "integrity": "sha1-GTPOH0cJc9IkNoAJvRMWytgdX08=",
      "requires": {
        "emoji-regex": "^8.0.0",
        "is-fullwidth-code-point": "^3.0.0",
        "strip-ansi": "^6.0.0"
      },
      "dependencies": {
        "emoji-regex": {
          "version": "8.0.0",
          "resolved": "https://registry.npm.taobao.org/emoji-regex/download/emoji-regex-8.0.0.tgz?cache=0&sync_timestamp=1611911681737&other_urls=https%3A%2F%2Fregistry.npm.taobao.org%2Femoji-regex%2Fdownload%2Femoji-regex-8.0.0.tgz",
          "integrity": "sha1-6Bj9ac5cz8tARZT4QpY79TFkzDc="
        },
        "is-fullwidth-code-point": {
          "version": "3.0.0",
          "resolved": "https://registry.npm.taobao.org/is-fullwidth-code-point/download/is-fullwidth-code-point-3.0.0.tgz",
          "integrity": "sha1-8Rb4Bk/pCz94RKOJl8C3UFEmnx0="
        }
      }
    },
    "string_decoder": {
      "version": "1.3.0",
      "resolved": "https://registry.npm.taobao.org/string_decoder/download/string_decoder-1.3.0.tgz",
      "integrity": "sha1-QvEUWUpGzxqOMLCoT1bHjD7awh4=",
      "requires": {
        "safe-buffer": "~5.2.0"
      }
    },
    "strip-ansi": {
      "version": "6.0.0",
      "resolved": "https://registry.npm.taobao.org/strip-ansi/download/strip-ansi-6.0.0.tgz?cache=0&sync_timestamp=1598867086309&other_urls=https%3A%2F%2Fregistry.npm.taobao.org%2Fstrip-ansi%2Fdownload%2Fstrip-ansi-6.0.0.tgz",
      "integrity": "sha1-CxVx3XZpzNTz4G4U7x7tJiJa5TI=",
      "requires": {
        "ansi-regex": "^5.0.0"
      }
    },
    "supports-color": {
      "version": "7.2.0",
      "resolved": "https://registry.npm.taobao.org/supports-color/download/supports-color-7.2.0.tgz",
      "integrity": "sha1-G33NyzK4E4gBs+R4umpRyqiWSNo=",
      "requires": {
        "has-flag": "^4.0.0"
      }
    },
    "type-fest": {
      "version": "0.20.2",
      "resolved": "https://registry.npm.taobao.org/type-fest/download/type-fest-0.20.2.tgz",
      "integrity": "sha1-G/IH9LKPkVg2ZstfvTJ4hzAc1fQ="
    },
    "util-deprecate": {
      "version": "1.0.2",
      "resolved": "https://registry.npm.taobao.org/util-deprecate/download/util-deprecate-1.0.2.tgz",
      "integrity": "sha1-RQ1Nyfpw3nMnYvvS1KKJgUGaDM8="
    },
    "wcwidth": {
      "version": "1.0.1",
      "resolved": "https://registry.npm.taobao.org/wcwidth/download/wcwidth-1.0.1.tgz",
      "integrity": "sha1-8LDc+RW8X/FSivrbLA4XtTLaL+g=",
      "requires": {
        "defaults": "^1.0.3"
      }
    },
    "widest-line": {
      "version": "3.1.0",
      "resolved": "https://registry.npm.taobao.org/widest-line/download/widest-line-3.1.0.tgz",
      "integrity": "sha1-gpIzO79my0X/DeFgOxNreuFJbso=",
      "requires": {
        "string-width": "^4.0.0"
      }
    },
    "wrap-ansi": {
      "version": "7.0.0",
      "resolved": "https://registry.npm.taobao.org/wrap-ansi/download/wrap-ansi-7.0.0.tgz",
      "integrity": "sha1-Z+FFz/UQpqaYS98RUpEdadLrnkM=",
      "requires": {
        "ansi-styles": "^4.0.0",
        "string-width": "^4.1.0",
        "strip-ansi": "^6.0.0"
      }
    },
    "y18n": {
      "version": "5.0.5",
      "resolved": "https://registry.npm.taobao.org/y18n/download/y18n-5.0.5.tgz?cache=0&sync_timestamp=1609798602895&other_urls=https%3A%2F%2Fregistry.npm.taobao.org%2Fy18n%2Fdownload%2Fy18n-5.0.5.tgz",
      "integrity": "sha1-h2nsCNA7HqLfJQCs71YXQ7u5qxg="
    },
    "yargs": {
      "version": "16.2.0",
      "resolved": "https://registry.npm.taobao.org/yargs/download/yargs-16.2.0.tgz",
      "integrity": "sha1-HIK/D2tqZur85+8w43b0mhJHf2Y=",
      "requires": {
        "cliui": "^7.0.2",
        "escalade": "^3.1.1",
        "get-caller-file": "^2.0.5",
        "require-directory": "^2.1.1",
        "string-width": "^4.2.0",
        "y18n": "^5.0.5",
        "yargs-parser": "^20.2.2"
      }
    },
    "yargs-parser": {
      "version": "20.2.6",
      "resolved": "https://registry.npm.taobao.org/yargs-parser/download/yargs-parser-20.2.6.tgz?cache=0&sync_timestamp=1613962184588&other_urls=https%3A%2F%2Fregistry.npm.taobao.org%2Fyargs-parser%2Fdownload%2Fyargs-parser-20.2.6.tgz",
      "integrity": "sha1-afkgrd9hqvwLi4kAL11m4o8tiyA="
    }
  }
}
